{
  "name": "@espejo/web",
  "version": "0.1.0",
  "lockfileVersion": 3,
  "requires": true,
  "packages": {
    "": {
      "name": "@espejo/web",
      "version": "0.1.0",
      "dependencies": {
        "@mdxeditor/editor": "^3.52.4",
        "react": "^19.1.0",
        "react-dom": "^19.1.0",
        "react-markdown": "^10.1.0",
        "react-router-dom": "^7.6.1",
        "rehype-sanitize": "^6.0.0"
      },
      "devDependencies": {
        "@playwright/test": "^1.58.2",
        "@types/react": "^19.1.6",
        "@types/react-dom": "^19.1.6",
        "@vitejs/plugin-react": "^4.5.2",
        "typescript": "^5.7.3",
        "vite": "^6.3.5"
      }
    },
    "../node_modules/.pnpm/@mdxeditor+editor@3.52.4_@codemirror+language@6.12.2_@lezer+highlight@1.2.3_@types+react-dom@_dic2nbpv2jjvvh726uqzih4gui/node_modules/@mdxeditor/editor": {
      "version": "3.52.4",
      "license": "MIT",
      "dependencies": {
        "@codemirror/commands": "^6.2.4",
        "@codemirror/lang-markdown": "^6.2.3",
        "@codemirror/language-data": "^6.5.1",
        "@codemirror/merge": "^6.4.0",
        "@codemirror/state": "^6.4.0",
        "@codemirror/view": "^6.23.0",
        "@codesandbox/sandpack-react": "^2.20.0",
        "@lexical/clipboard": "^0.35.0",
        "@lexical/link": "^0.35.0",
        "@lexical/list": "^0.35.0",
        "@lexical/markdown": "^0.35.0",
        "@lexical/plain-text": "^0.35.0",
        "@lexical/react": "^0.35.0",
        "@lexical/rich-text": "^0.35.0",
        "@lexical/selection": "^0.35.0",
        "@lexical/utils": "^0.35.0",
        "@mdxeditor/gurx": "^1.2.4",
        "@radix-ui/colors": "^3.0.0",
        "@radix-ui/react-dialog": "^1.1.11",
        "@radix-ui/react-icons": "^1.3.2",
        "@radix-ui/react-popover": "^1.1.11",
        "@radix-ui/react-popper": "^1.2.4",
        "@radix-ui/react-select": "^2.2.2",
        "@radix-ui/react-toggle-group": "^1.1.7",
        "@radix-ui/react-toolbar": "^1.1.7",
        "@radix-ui/react-tooltip": "^1.2.4",
        "classnames": "^2.3.2",
        "cm6-theme-basic-light": "^0.2.0",
        "codemirror": "^6.0.1",
        "downshift": "^7.6.0",
        "js-yaml": "4.1.1",
        "lexical": "^0.35.0",
        "mdast-util-directive": "^3.0.0",
        "mdast-util-from-markdown": "^2.0.0",
        "mdast-util-frontmatter": "^2.0.1",
        "mdast-util-gfm-strikethrough": "^2.0.0",
        "mdast-util-gfm-table": "^2.0.0",
        "mdast-util-gfm-task-list-item": "^2.0.0",
        "mdast-util-highlight-mark": "^1.2.2",
        "mdast-util-mdx": "^3.0.0",
        "mdast-util-mdx-jsx": "^3.0.0",
        "mdast-util-to-markdown": "^2.1.0",
        "micromark-extension-directive": "^3.0.0",
        "micromark-extension-frontmatter": "^2.0.0",
        "micromark-extension-gfm-strikethrough": "^2.0.0",
        "micromark-extension-gfm-table": "^2.0.0",
        "micromark-extension-gfm-task-list-item": "^2.0.1",
        "micromark-extension-highlight-mark": "^1.2.0",
        "micromark-extension-mdx-jsx": "^3.0.0",
        "micromark-extension-mdx-md": "^2.0.0",
        "micromark-extension-mdxjs": "^3.0.0",
        "micromark-factory-space": "^2.0.0",
        "micromark-util-character": "^2.0.1",
        "micromark-util-symbol": "^2.0.0",
        "react-hook-form": "^7.56.1",
        "unidiff": "^1.0.2"
      },
      "devDependencies": {
        "@babel/core": "^7.23.7",
        "@babel/plugin-transform-react-jsx": "^7.23.4",
        "@babel/plugin-transform-typescript": "^7.23.6",
        "@babel/preset-react": "^7.23.3",
        "@babel/preset-typescript": "^7.23.3",
        "@ladle/react": "^5.0.2",
        "@ngneat/falso": "^6.4.0",
        "@testing-library/dom": "^10.4.1",
        "@testing-library/jest-dom": "^6.1.6",
        "@testing-library/react": "^16.3.0",
        "@types/express": "^4.17.17",
        "@types/js-yaml": "4.0.5",
        "@types/mdast": "^4.0.3",
        "@types/multer": "^1.4.7",
        "@types/node": "^20.2.5",
        "@types/react": "^19.2.7",
        "@types/react-dom": "^19.2.3",
        "@types/unist": "^3.0.2",
        "@typescript-eslint/eslint-plugin": "^8.50.1",
        "@typescript-eslint/parser": "^8.50.1",
        "@vitejs/plugin-react": "^4.0.0",
        "@vitejs/plugin-react-swc": "^3.5.0",
        "autoprefixer": "^10.4.14",
        "cm6-theme-basic-dark": "^0.2.0",
        "dotenv": "^16.4.5",
        "eslint": "^8.57.0",
        "eslint-config-prettier": "^9.1.0",
        "eslint-plugin-html": "^7.1.0",
        "eslint-plugin-import": "^2.29.1",
        "eslint-plugin-json": "^3.1.0",
        "eslint-plugin-n": "^16.6.1",
        "eslint-plugin-prettier": "^5.1.2",
        "eslint-plugin-promise": "^6.1.1",
        "eslint-plugin-react": "^7.33.2",
        "eslint-plugin-react-hooks": "^4.6.0",
        "express": "^4.18.2",
        "i18next": "^23.10.0",
        "jsdom": "^23.0.1",
        "mermaid": "^10.6.1",
        "micromark-util-types": "^2.0.0",
        "multer": "1.4.5-lts.1",
        "postcss": "^8.4.24",
        "postcss-mixins": "^9.0.4",
        "postcss-nesting": "^11.2.2",
        "prettier": "^3.1.1",
        "react": "^19.2.1",
        "react-dom": "^19.2.1",
        "semantic-release": "^25.0.2",
        "svgo": "^3.3.2",
        "terser": "^5.26.0",
        "typedoc": "^0.25.13",
        "typedoc-plugin-markdown": "^4.0.2",
        "typedoc-plugin-no-inherit": "^1.4.0",
        "typescript": "^5.9.3",
        "typescript-plugin-css-modules": "^5.0.2",
        "user-agent-data-types": "^0.4.2",
        "vite": "^5.0.10",
        "vite-plugin-dts": "^3.9.1",
        "vite-plugin-svgr": "^4.2.0",
        "vite-tsconfig-paths": "^4.2.3",
        "vitest": "^1.1.1"
      },
      "engines": {
        "node": ">=16"
      },
      "peerDependencies": {
        "react": ">= 18 || >= 19",
        "react-dom": ">= 18 || >= 19"
      }
    },
    "../node_modules/.pnpm/@types+react-dom@19.2.3_@types+react@19.2.14/node_modules/@types/react-dom": {
      "version": "19.2.3",
      "dev": true,
      "license": "MIT",
      "peerDependencies": {
        "@types/react": "^19.2.0"
      }
    },
    "../node_modules/.pnpm/@types+react@19.2.14/node_modules/@types/react": {
      "version": "19.2.14",
      "dev": true,
      "license": "MIT",
      "dependencies": {
        "csstype": "^3.2.2"
      }
    },
    "../node_modules/.pnpm/@vitejs+plugin-react@4.7.0_vite@6.4.1_@types+node@20.19.33_jiti@2.6.1_lightningcss@1.30.2_tsx@4.21.0_/node_modules/@vitejs/plugin-react": {
      "version": "4.7.0",
      "dev": true,
      "license": "MIT",
      "dependencies": {
        "@babel/core": "^7.28.0",
        "@babel/plugin-transform-react-jsx-self": "^7.27.1",
        "@babel/plugin-transform-react-jsx-source": "^7.27.1",
        "@rolldown/pluginutils": "1.0.0-beta.27",
        "@types/babel__core": "^7.20.5",
        "react-refresh": "^0.17.0"
      },
      "devDependencies": {
        "@vitejs/react-common": "workspace:*",
        "babel-plugin-react-compiler": "19.1.0-rc.2",
        "react": "^19.1.0",
        "react-dom": "^19.1.0",
        "rolldown": "1.0.0-beta.27",
        "tsdown": "^0.12.9",
        "vitest": "^3.2.4"
      },
      "engines": {
        "node": "^14.18.0 || >=16.0.0"
      },
      "peerDependencies": {
        "vite": "^4.2.0 || ^5.0.0 || ^6.0.0 || ^7.0.0"
      }
    },
    "../node_modules/.pnpm/react-dom@19.2.4_react@19.2.4/node_modules/react-dom": {
      "version": "19.2.4",
      "license": "MIT",
      "dependencies": {
        "scheduler": "^0.27.0"
      },
      "peerDependencies": {
        "react": "^19.2.4"
      }
    },
    "../node_modules/.pnpm/react-markdown@10.1.0_@types+react@19.2.14_react@19.2.4/node_modules/react-markdown": {
      "version": "10.1.0",
      "license": "MIT",
      "dependencies": {
        "@types/hast": "^3.0.0",
        "@types/mdast": "^4.0.0",
        "devlop": "^1.0.0",
        "hast-util-to-jsx-runtime": "^2.0.0",
        "html-url-attributes": "^3.0.0",
        "mdast-util-to-hast": "^13.0.0",
        "remark-parse": "^11.0.0",
        "remark-rehype": "^11.0.0",
        "unified": "^11.0.0",
        "unist-util-visit": "^5.0.0",
        "vfile": "^6.0.0"
      },
      "devDependencies": {
        "@testing-library/react": "^16.0.0",
        "@types/node": "^22.0.0",
        "@types/react": "^19.0.0",
        "@types/react-dom": "^19.0.0",
        "c8": "^10.0.0",
        "concat-stream": "^2.0.0",
        "esbuild": "^0.25.0",
        "eslint-plugin-react": "^7.0.0",
        "global-jsdom": "^26.0.0",
        "prettier": "^3.0.0",
        "react": "^19.0.0",
        "react-dom": "^19.0.0",
        "rehype-raw": "^7.0.0",
        "rehype-starry-night": "^2.0.0",
        "remark-cli": "^12.0.0",
        "remark-gfm": "^4.0.0",
        "remark-preset-wooorm": "^11.0.0",
        "remark-toc": "^9.0.0",
        "type-coverage": "^2.0.0",
        "typescript": "^5.0.0",
        "xo": "^0.60.0"
      },
      "funding": {
        "type": "opencollective",
        "url": "https://opencollective.com/unified"
      },
      "peerDependencies": {
        "@types/react": ">=18",
        "react": ">=18"
      }
    },
    "../node_modules/.pnpm/react-router-dom@7.13.1_react-dom@19.2.4_react@19.2.4__react@19.2.4/node_modules/react-router-dom": {
      "version": "7.13.1",
      "license": "MIT",
      "dependencies": {
        "react-router": "7.13.1"
      },
      "devDependencies": {
        "react": "^19.2.3",
        "react-dom": "^19.2.3",
        "tsup": "^8.3.0",
        "typescript": "^5.4.5",
        "wireit": "0.14.9"
      },
      "engines": {
        "node": ">=20.0.0"
      },
      "peerDependencies": {
        "react": ">=18",
        "react-dom": ">=18"
      }
    },
    "../node_modules/.pnpm/react@19.2.4/node_modules/react": {
      "version": "19.2.4",
      "license": "MIT",
      "engines": {
        "node": ">=0.10.0"
      }
    },
    "../node_modules/.pnpm/rehype-sanitize@6.0.0/node_modules/rehype-sanitize": {
      "version": "6.0.0",
      "license": "MIT",
      "dependencies": {
        "@types/hast": "^3.0.0",
        "hast-util-sanitize": "^5.0.0"
      },
      "devDependencies": {
        "@types/node": "^20.0.0",
        "c8": "^8.0.0",
        "deepmerge": "^4.0.0",
        "prettier": "^3.0.0",
        "rehype": "^13.0.0",
        "remark-cli": "^11.0.0",
        "remark-preset-wooorm": "^9.0.0",
        "type-coverage": "^2.0.0",
        "typescript": "^5.0.0",
        "xo": "^0.56.0"
      },
      "funding": {
        "type": "opencollective",
        "url": "https://opencollective.com/unified"
      }
    },
    "../node_modules/.pnpm/typescript@5.9.3/node_modules/typescript": {
      "version": "5.9.3",
      "dev": true,
      "license": "Apache-2.0",
      "bin": {
        "tsc": "bin/tsc",
        "tsserver": "bin/tsserver"
      },
      "devDependencies": {
        "@dprint/formatter": "^0.4.1",
        "@dprint/typescript": "0.93.4",
        "@esfx/canceltoken": "^1.0.0",
        "@eslint/js": "^9.20.0",
        "@octokit/rest": "^21.1.1",
        "@types/chai": "^4.3.20",
        "@types/diff": "^7.0.1",
        "@types/minimist": "^1.2.5",
        "@types/mocha": "^10.0.10",
        "@types/ms": "^0.7.34",
        "@types/node": "latest",
        "@types/source-map-support": "^0.5.10",
        "@types/which": "^3.0.4",
        "@typescript-eslint/rule-tester": "^8.24.1",
        "@typescript-eslint/type-utils": "^8.24.1",
        "@typescript-eslint/utils": "^8.24.1",
        "azure-devops-node-api": "^14.1.0",
        "c8": "^10.1.3",
        "chai": "^4.5.0",
        "chokidar": "^4.0.3",
        "diff": "^7.0.0",
        "dprint": "^0.49.0",
        "esbuild": "^0.25.0",
        "eslint": "^9.20.1",
        "eslint-formatter-autolinkable-stylish": "^1.4.0",
        "eslint-plugin-regexp": "^2.7.0",
        "fast-xml-parser": "^4.5.2",
        "glob": "^10.4.5",
        "globals": "^15.15.0",
        "hereby": "^1.10.0",
        "jsonc-parser": "^3.3.1",
        "knip": "^5.44.4",
        "minimist": "^1.2.8",
        "mocha": "^10.8.2",
        "mocha-fivemat-progress-reporter": "^0.1.0",
        "monocart-coverage-reports": "^2.12.1",
        "ms": "^2.1.3",
        "picocolors": "^1.1.1",
        "playwright": "^1.50.1",
        "source-map-support": "^0.5.21",
        "tslib": "^2.8.1",
        "typescript": "^5.7.3",
        "typescript-eslint": "^8.24.1",
        "which": "^3.0.1"
      },
      "engines": {
        "node": ">=14.17"
      }
    },
    "../node_modules/.pnpm/vite@6.4.1_@types+node@20.19.33_jiti@2.6.1_lightningcss@1.30.2_tsx@4.21.0/node_modules/vite": {
      "version": "6.4.1",
      "dev": true,
      "license": "MIT",
      "dependencies": {
        "esbuild": "^0.25.0",
        "fdir": "^6.4.4",
        "picomatch": "^4.0.2",
        "postcss": "^8.5.3",
        "rollup": "^4.34.9",
        "tinyglobby": "^0.2.13"
      },
      "bin": {
        "vite": "bin/vite.js"
      },
      "devDependencies": {
        "@ampproject/remapping": "^2.3.0",
        "@babel/parser": "^7.27.0",
        "@jridgewell/trace-mapping": "^0.3.25",
        "@polka/compression": "^1.0.0-next.25",
        "@rollup/plugin-alias": "^5.1.1",
        "@rollup/plugin-commonjs": "^28.0.3",
        "@rollup/plugin-dynamic-import-vars": "2.1.4",
        "@rollup/plugin-json": "^6.1.0",
        "@rollup/plugin-node-resolve": "16.0.1",
        "@rollup/pluginutils": "^5.1.4",
        "@types/escape-html": "^1.0.4",
        "@types/pnpapi": "^0.0.5",
        "artichokie": "^0.3.1",
        "cac": "^6.7.14",
        "chokidar": "^3.6.0",
        "connect": "^3.7.0",
        "convert-source-map": "^2.0.0",
        "cors": "^2.8.5",
        "cross-spawn": "^7.0.6",
        "debug": "^4.4.0",
        "dep-types": "link:./src/types",
        "dotenv": "^16.5.0",
        "dotenv-expand": "^12.0.2",
        "es-module-lexer": "^1.6.0",
        "escape-html": "^1.0.3",
        "estree-walker": "^3.0.3",
        "etag": "^1.8.1",
        "http-proxy": "^1.18.1",
        "launch-editor-middleware": "^2.10.0",
        "lightningcss": "^1.29.3",
        "magic-string": "^0.30.17",
        "mlly": "^1.7.4",
        "mrmime": "^2.0.1",
        "nanoid": "^5.1.5",
        "open": "^10.1.1",
        "parse5": "^7.2.1",
        "pathe": "^2.0.3",
        "periscopic": "^4.0.2",
        "picocolors": "^1.1.1",
        "postcss-import": "^16.1.0",
        "postcss-load-config": "^6.0.1",
        "postcss-modules": "^6.0.1",
        "resolve.exports": "^2.0.3",
        "rollup-plugin-dts": "^6.2.1",
        "rollup-plugin-esbuild": "^6.2.1",
        "rollup-plugin-license": "^3.6.0",
        "sass": "^1.86.3",
        "sass-embedded": "^1.86.3",
        "sirv": "^3.0.2",
        "source-map-support": "^0.5.21",
        "strip-literal": "^3.0.0",
        "terser": "^5.39.0",
        "tsconfck": "^3.1.5",
        "tslib": "^2.8.1",
        "types": "link:./types",
        "ufo": "^1.6.1",
        "ws": "^8.18.1"
      },
      "engines": {
        "node": "^18.0.0 || ^20.0.0 || >=22.0.0"
      },
      "funding": {
        "url": "https://github.com/vitejs/vite?sponsor=1"
      },
      "optionalDependencies": {
        "fsevents": "~2.3.3"
      },
      "peerDependencies": {
        "@types/node": "^18.0.0 || ^20.0.0 || >=22.0.0",
        "jiti": ">=1.21.0",
        "less": "*",
        "lightningcss": "^1.21.0",
        "sass": "*",
        "sass-embedded": "*",
        "stylus": "*",
        "sugarss": "*",
        "terser": "^5.16.0",
        "tsx": "^4.8.1",
        "yaml": "^2.4.2"
      },
      "peerDependenciesMeta": {
        "@types/node": {
          "optional": true
        },
        "jiti": {
          "optional": true
        },
        "less": {
          "optional": true
        },
        "lightningcss": {
          "optional": true
        },
        "sass": {
          "optional": true
        },
        "sass-embedded": {
          "optional": true
        },
        "stylus": {
          "optional": true
        },
        "sugarss": {
          "optional": true
        },
        "terser": {
          "optional": true
        },
        "tsx": {
          "optional": true
        },
        "yaml": {
          "optional": true
        }
      }
    },
    "node_modules/@mdxeditor/editor": {
      "resolved": "../node_modules/.pnpm/@mdxeditor+editor@3.52.4_@codemirror+language@6.12.2_@lezer+highlight@1.2.3_@types+react-dom@_dic2nbpv2jjvvh726uqzih4gui/node_modules/@mdxeditor/editor",
      "link": true
    },
    "node_modules/@playwright/test": {
      "version": "1.58.2",
      "resolved": "https://registry.npmjs.org/@playwright/test/-/test-1.58.2.tgz",
      "integrity": "sha512-akea+6bHYBBfA9uQqSYmlJXn61cTa+jbO87xVLCWbTqbWadRVmhxlXATaOjOgcBaWU4ePo0wB41KMFv3o35IXA==",
      "dev": true,
      "license": "Apache-2.0",
      "dependencies": {
        "playwright": "1.58.2"
      },
      "bin": {
        "playwright": "cli.js"
      },
      "engines": {
        "node": ">=18"
      }
    },
    "node_modules/@types/react": {
      "resolved": "../node_modules/.pnpm/@types+react@19.2.14/node_modules/@types/react",
      "link": true
    },
    "node_modules/@types/react-dom": {
      "resolved": "../node_modules/.pnpm/@types+react-dom@19.2.3_@types+react@19.2.14/node_modules/@types/react-dom",
      "link": true
    },
    "node_modules/@vitejs/plugin-react": {
      "resolved": "../node_modules/.pnpm/@vitejs+plugin-react@4.7.0_vite@6.4.1_@types+node@20.19.33_jiti@2.6.1_lightningcss@1.30.2_tsx@4.21.0_/node_modules/@vitejs/plugin-react",
      "link": true
    },
    "node_modules/fsevents": {
      "version": "2.3.2",
      "resolved": "https://registry.npmjs.org/fsevents/-/fsevents-2.3.2.tgz",
      "integrity": "sha512-xiqMQR4xAeHTuB9uWm+fFRcIOgKBMiOBP+eXiyT7jsgVCq1bkVygt00oASowB7EdtpOHaaPgKt812P9ab+DDKA==",
      "dev": true,
      "hasInstallScript": true,
      "license": "MIT",
      "optional": true,
      "os": [
        "darwin"
      ],
      "engines": {
        "node": "^8.16.0 || ^10.6.0 || >=11.0.0"
      }
    },
    "node_modules/playwright": {
      "version": "1.58.2",
      "resolved": "https://registry.npmjs.org/playwright/-/playwright-1.58.2.tgz",
      "integrity": "sha512-vA30H8Nvkq/cPBnNw4Q8TWz1EJyqgpuinBcHET0YVJVFldr8JDNiU9LaWAE1KqSkRYazuaBhTpB5ZzShOezQ6A==",
      "dev": true,
      "license": "Apache-2.0",
      "dependencies": {
        "playwright-core": "1.58.2"
      },
      "bin": {
        "playwright": "cli.js"
      },
      "engines": {
        "node": ">=18"
      },
      "optionalDependencies": {
        "fsevents": "2.3.2"
      }
    },
    "node_modules/playwright-core": {
      "version": "1.58.2",
      "resolved": "https://registry.npmjs.org/playwright-core/-/playwright-core-1.58.2.tgz",
      "integrity": "sha512-yZkEtftgwS8CsfYo7nm0KE8jsvm6i/PTgVtB8DL726wNf6H2IMsDuxCpJj59KDaxCtSnrWan2AeDqM7JBaultg==",
      "dev": true,
      "license": "Apache-2.0",
      "bin": {
        "playwright-core": "cli.js"
      },
      "engines": {
        "node": ">=18"
      }
    },
    "node_modules/react": {
      "resolved": "../node_modules/.pnpm/react@19.2.4/node_modules/react",
      "link": true
    },
    "node_modules/react-dom": {
      "resolved": "../node_modules/.pnpm/react-dom@19.2.4_react@19.2.4/node_modules/react-dom",
      "link": true
    },
    "node_modules/react-markdown": {
      "resolved": "../node_modules/.pnpm/react-markdown@10.1.0_@types+react@19.2.14_react@19.2.4/node_modules/react-markdown",
      "link": true
    },
    "node_modules/react-router-dom": {
      "resolved": "../node_modules/.pnpm/react-router-dom@7.13.1_react-dom@19.2.4_react@19.2.4__react@19.2.4/node_modules/react-router-dom",
      "link": true
    },
    "node_modules/rehype-sanitize": {
      "resolved": "../node_modules/.pnpm/rehype-sanitize@6.0.0/node_modules/rehype-sanitize",
      "link": true
    },
    "node_modules/typescript": {
      "resolved": "../node_modules/.pnpm/typescript@5.9.3/node_modules/typescript",
      "link": true
    },
    "node_modules/vite": {
      "resolved": "../node_modules/.pnpm/vite@6.4.1_@types+node@20.19.33_jiti@2.6.1_lightningcss@1.30.2_tsx@4.21.0/node_modules/vite",
      "link": true
    }
  }
}
